// !$*UTF8*$!
{
	archiveVersion = 1;
	classes = {
	};
	objectVersion = 46;
	objects = {

/* Begin PBXBuildFile section */
		874FCF5B1DB4DA2600C2A860 /* main.m in Sources */ = {isa = PBXBuildFile; fileRef = 874FCF5A1DB4DA2600C2A860 /* main.m */; };
		874FCF9B1DB4E49600C2A860 /* libicucore.tbd in Frameworks */ = {isa = PBXBuildFile; fileRef = 874FCF9A1DB4E49600C2A860 /* libicucore.tbd */; };
		8E6E99CA90F9B17738C29866 /* NSError+extension.m in Sources */ = {isa = PBXBuildFile; fileRef = 8E688130720577A3BD5FA484 /* NSError+extension.m */; };
/* End PBXBuildFile section */

/* Begin PBXCopyFilesBuildPhase section */
		874FCF551DB4DA2600C2A860 /* CopyFiles */ = {
			isa = PBXCopyFilesBuildPhase;
			buildActionMask = 2147483647;
			dstPath = /usr/share/man/man1/;
			dstSubfolderSpec = 0;
			files = (
			);
			runOnlyForDeploymentPostprocessing = 1;
		};
/* End PBXCopyFilesBuildPhase section */

/* Begin PBXFileReference section */
		874FCF571DB4DA2600C2A860 /* FindOCString */ = {isa = PBXFileReference; explicitFileType = "compiled.mach-o.executable"; includeInIndex = 0; path = FindOCString; sourceTree = BUILT_PRODUCTS_DIR; };
		874FCF5A1DB4DA2600C2A860 /* main.m */ = {isa = PBXFileReference; lastKnownFileType = sourcecode.c.objc; path = main.m; sourceTree = "<group>"; };
		874FCF9A1DB4E49600C2A860 /* libicucore.tbd */ = {isa = PBXFileReference; lastKnownFileType = "sourcecode.text-based-dylib-definition"; name = libicucore.tbd; path = usr/lib/libicucore.tbd; sourceTree = SDKROOT; };
		8E688130720577A3BD5FA484 /* NSError+extension.m */ = {isa = PBXFileReference; fileEncoding = 4; lastKnownFileType = sourcecode.c.objc; path = "NSError+extension.m"; sourceTree = "<group>"; };
		8E6FF08FD3660FD441ECFCF0 /* NSError+extension.h */ = {isa = PBXFileReference; fileEncoding = 4; lastKnownFileType = sourcecode.c.h; path = "NSError+extension.h"; sourceTree = "<group>"; };
/* End PBXFileReference section */

/* Begin PBXFrameworksBuildPhase section */
		874FCF541DB4DA2600C2A860 /* Frameworks */ = {
			isa = PBXFrameworksBuildPhase;
			buildActionMask = 2147483647;
			files = (
				874FCF9B1DB4E49600C2A860 /* libicucore.tbd in Frameworks */,
			);
			runOnlyForDeploymentPostprocessing = 0;
		};
/* End PBXFrameworksBuildPhase section */

/* Begin PBXGroup section */
		874FCF4E1DB4DA2600C2A860 = {
			isa = PBXGroup;
			children = (
				874FCF591DB4DA2600C2A860 /* FindOCString */,
				874FCF581DB4DA2600C2A860 /* Products */,
				874FCF991DB4E49600C2A860 /* Frameworks */,
			);
			sourceTree = "<group>";
		};
		874FCF581DB4DA2600C2A860 /* Products */ = {
			isa = PBXGroup;
			children = (
				874FCF571DB4DA2600C2A860 /* FindOCString */,
			);
			name = Products;
			sourceTree = "<group>";
		};
		874FCF591DB4DA2600C2A860 /* FindOCString */ = {
			isa = PBXGroup;
			children = (
				874FCF621DB4DAAC00C2A860 /* lib */,
				874FCF5A1DB4DA2600C2A860 /* main.m */,
			);
			path = FindOCString;
			sourceTree = "<group>";
		};
		874FCF621DB4DAAC00C2A860 /* lib */ = {
			isa = PBXGroup;
			children = (
				8E6DB77A3A094A0E94EA0763 /* GMError */,
			);
			name = lib;
			sourceTree = "<group>";
		};
		874FCF991DB4E49600C2A860 /* Frameworks */ = {
			isa = PBXGroup;
			children = (
				874FCF9A1DB4E49600C2A860 /* libicucore.tbd */,
			);
			name = Frameworks;
			sourceTree = "<group>";
		};
		8E6DB77A3A094A0E94EA0763 /* GMError */ = {
			isa = PBXGroup;
			children = (
				8E6FF08FD3660FD441ECFCF0 /* NSError+extension.h */,
				8E688130720577A3BD5FA484 /* NSError+extension.m */,
			);
			path = GMError;
			sourceTree = "<group>";
		};
/* End PBXGroup section */

/* Begin PBXNativeTarget section */
		874FCF561DB4DA2600C2A860 /* FindOCString */ = {
			isa = PBXNativeTarget;
			buildConfigurationList = 874FCF5E1DB4DA2600C2A860 /* Build configuration list for PBXNativeTarget "FindOCString" */;
			buildPhases = (
				874FCF531DB4DA2600C2A860 /* Sources */,
				874FCF541DB4DA2600C2A860 /* Frameworks */,
				874FCF551DB4DA2600C2A860 /* CopyFiles */,
			);
			buildRules = (
			);
			dependencies = (
			);
			name = FindOCString;
			productName = FindOCString;
			productReference = 874FCF571DB4DA2600C2A860 /* FindOCString */;
			productType = "com.apple.product-type.tool";
		};
/* End PBXNativeTarget section */

/* Begin PBXProject section */
		874FCF4F1DB4DA2600C2A860 /* Project object */ = {
			isa = PBXProject;
			attributes = {
				LastUpgradeCheck = 0800;
				ORGANIZATIONNAME = ZhangGaoming;
				TargetAttributes = {
					874FCF561DB4DA2600C2A860 = {
						CreatedOnToolsVersion = 8.0;
						DevelopmentTeam = 4NHJGCMG96;
						ProvisioningStyle = Automatic;
					};
				};
			};
			buildConfigurationList = 874FCF521DB4DA2600C2A860 /* Build configuration list for PBXProject "FindOCString" */;
			compatibilityVersion = "Xcode 3.2";
			developmentRegion = English;
			hasScannedForEncodings = 0;
			knownRegions = (
				en,
			);
			mainGroup = 874FCF4E1DB4DA2600C2A860;
			productRefGroup = 874FCF581DB4DA2600C2A860 /* Products */;
			projectDirPath = "";
			projectRoot = "";
			targets = (
				874FCF561DB4DA2600C2A860 /* FindOCString */,
			);
		};
/* End PBXProject section */

/* Begin PBXSourcesBuildPhase section */
		874FCF531DB4DA2600C2A860 /* Sources */ = {
			isa = PBXSourcesBuildPhase;
			buildActionMask = 2147483647;
			files = (
				874FCF5B1DB4DA2600C2A860 /* main.m in Sources */,
				8E6E99CA90F9B17738C29866 /* NSError+extension.m in Sources */,
			);
			runOnlyForDeploymentPostprocessing = 0;
		};
/* End PBXSourcesBuildPhase section */

/* Begin XCBuildConfiguration section */
		874FCF5C1DB4DA2600C2A860 /* Debug */ = {
			isa = XCBuildConfiguration;
			buildSettings = {
				ALWAYS_SEARCH_USER_PATHS = NO;
				CLANG_ANALYZER_NONNULL = YES;
				CLANG_CXX_LANGUAGE_STANDARD = "gnu++0x";
				CLANG_CXX_LIBRARY = "libc++";
				CLANG_ENABLE_MODULES = YES;
				CLANG_ENABLE_OBJC_ARC = YES;
				CLANG_WARN_BOOL_CONVERSION = YES;
				CLANG_WARN_CONSTANT_CONVERSION = YES;
				CLANG_WARN_DIRECT_OBJC_ISA_USAGE = YES_ERROR;
				CLANG_WARN_DOCUMENTATION_COMMENTS = YES;
				CLANG_WARN_EMPTY_BODY = YES;
				CLANG_WARN_ENUM_CONVERSION = YES;
				CLANG_WARN_INFINITE_RECURSION = YES;
				CLANG_WARN_INT_CONVERSION = YES;
				CLANG_WARN_OBJC_ROOT_CLASS = YES_ERROR;
				CLANG_WARN_SUSPICIOUS_MOVES = YES;
				CLANG_WARN_UNREACHABLE_CODE = YES;
				CLANG_WARN__DUPLICATE_METHOD_MATCH = YES;
				CODE_SIGN_IDENTITY = "-";
				COPY_PHASE_STRIP = NO;
				DEBUG_INFORMATION_FORMAT = dwarf;
				ENABLE_STRICT_OBJC_MSGSEND = YES;
				ENABLE_TESTABILITY = YES;
				GCC_C_LANGUAGE_STANDARD = gnu99;
				GCC_DYNAMIC_NO_PIC = NO;
				GCC_NO_COMMON_BLOCKS = YES;
				GCC_OPTIMIZATION_LEVEL = 0;
				GCC_PREPROCESSOR_DEFINITIONS = (
					"DEBUG=1",
					"$(inherited)",
				);
				GCC_WARN_64_TO_32_BIT_CONVERSION = YES;
				GCC_WARN_ABOUT_RETURN_TYPE = YES_ERROR;
				GCC_WARN_UNDECLARED_SELECTOR = YES;
				GCC_WARN_UNINITIALIZED_AUTOS = YES_AGGRESSIVE;
				GCC_WARN_UNUSED_FUNCTION = YES;
				GCC_WARN_UNUSED_VARIABLE = YES;
				MACOSX_DEPLOYMENT_TARGET = 10.12;
				MTL_ENABLE_DEBUG_INFO = YES;
				ONLY_ACTIVE_ARCH = YES;
				SDKROOT = macosx;
			};
			name = Debug;
		};
		874FCF5D1DB4DA2600C2A860 /* Release */ = {
			isa = XCBuildConfiguration;
			buildSettings = {
				ALWAYS_SEARCH_USER_PATHS = NO;
				CLANG_ANALYZER_NONNULL = YES;
				CLANG_CXX_LANGUAGE_STANDARD = "gnu++0x";
				CLANG_CXX_LIBRARY = "libc++";
				CLANG_ENABLE_MODULES = YES;
				CLANG_ENABLE_OBJC_ARC = YES;
				CLANG_WARN_BOOL_CONVERSION = YES;
				CLANG_WARN_CONSTANT_CONVERSION = YES;
				CLANG_WARN_DIRECT_OBJC_ISA_USAGE = YES_ERROR;
				CLANG_WARN_DOCUMENTATION_COMMENTS = YES;
				CLANG_WARN_EMPTY_BODY = YES;
				CLANG_WARN_ENUM_CONVERSION = YES;
				CLANG_WARN_INFINITE_RECURSION = YES;
				CLANG_WARN_INT_CONVERSION = YES;
				CLANG_WARN_OBJC_ROOT_CLASS = YES_ERROR;
				CLANG_WARN_SUSPICIOUS_MOVES = YES;
				CLANG_WARN_UNREACHABLE_CODE = YES;
				CLANG_WARN__DUPLICATE_METHOD_MATCH = YES;
				CODE_SIGN_IDENTITY = "-";
				COPY_PHASE_STRIP = NO;
				DEBUG_INFORMATION_FORMAT = "dwarf-with-dsym";
				ENABLE_NS_ASSERTIONS = NO;
				ENABLE_STRICT_OBJC_MSGSEND = YES;
				GCC_C_LANGUAGE_STANDARD = gnu99;
				GCC_NO_COMMON_BLOCKS = YES;
				GCC_WARN_64_TO_32_BIT_CONVERSION = YES;
				GCC_WARN_ABOUT_RETURN_TYPE = YES_ERROR;
				GCC_WARN_UNDECLARED_SELECTOR = YES;
				GCC_WARN_UNINITIALIZED_AUTOS = YES_AGGRESSIVE;
				GCC_WARN_UNUSED_FUNCTION = YES;
				GCC_WARN_UNUSED_VARIABLE = YES;
				MACOSX_DEPLOYMENT_TARGET = 10.12;
				MTL_ENABLE_DEBUG_INFO = NO;
				SDKROOT = macosx;
			};
			name = Release;
		};
		874FCF5F1DB4DA2600C2A860 /* Debug */ = {
			isa = XCBuildConfiguration;
			buildSettings = {
				DEVELOPMENT_TEAM = 4NHJGCMG96;
				PRODUCT_NAME = "$(TARGET_NAME)";
			};
			name = Debug;
		};
		874FCF601DB4DA2600C2A860 /* Release */ = {
			isa = XCBuildConfiguration;
			buildSettings = {
				DEVELOPMENT_TEAM = 4NHJGCMG96;
				PRODUCT_NAME = "$(TARGET_NAME)";
			};
			name = Release;
		};
/* End XCBuildConfiguration section */

/* Begin XCConfigurationList section */
		874FCF521DB4DA2600C2A860 /* Build configuration list for PBXProject "FindOCString" */ = {
			isa = XCConfigurationList;
			buildConfigurations = (
				874FCF5C1DB4DA2600C2A860 /* Debug */,
				874FCF5D1DB4DA2600C2A860 /* Release */,
			);
			defaultConfigurationIsVisible = 0;
			defaultConfigurationName = Release;
		};
		874FCF5E1DB4DA2600C2A860 /* Build configuration list for PBXNativeTarget "FindOCString" */ = {
			isa = XCConfigurationList;
			buildConfigurations = (
				874FCF5F1DB4DA2600C2A860 /* Debug */,
				874FCF601DB4DA2600C2A860 /* Release */,
			);
			defaultConfigurationIsVisible = 0;
		};
/* End XCConfigurationList section */
	};
	rootObject = 874FCF4F1DB4DA2600C2A860 /* Project object */;
}
